
Microsoft Visual Studio Solution File, Format Version 12.00
# Visual Studio 2013
VisualStudioVersion = 12.0.30501.0
MinimumVisualStudioVersion = 10.0.40219.1
Project("{FAE04EC0-301F-11D3-BF4B-00C04F79EFBC}") = "TicketMachine", "TicketMachine\TicketMachine.csproj", "{ACBA6BF9-B2A6-4DDF-BC4C-D1E6DCF3B364}"
EndProject
Project("{FAE04EC0-301F-11D3-BF4B-00C04F79EFBC}") = "TicketMachine.Interfaces", "TicketMachine.Interfaces\TicketMachine.Interfaces.csproj", "{6D757A02-5ABE-49E6-AC74-71825F96BDC9}"
EndProject
Project("{FAE04EC0-301F-11D3-BF4B-00C04F79EFBC}") = "TicketMachine.UnitTestsCommon", "TicketMachine.UnitTestsCommon\TicketMachine.UnitTestsCommon.csproj", "{896AC99C-3197-4B76-BE36-FBA2423045EC}"
EndProject
Project("{FAE04EC0-301F-11D3-BF4B-00C04F79EFBC}") = "TicketMachine.UnitTests", "TicketMachine.UnitTests\TicketMachine.UnitTests.csproj", "{B35D9776-DB9F-4518-82C4-AF1FC7B5963C}"
EndProject
Global
	GlobalSection(SolutionConfigurationPlatforms) = preSolution
		Debug|Any CPU = Debug|Any CPU
		Release|Any CPU = Release|Any CPU
	EndGlobalSection
	GlobalSection(ProjectConfigurationPlatforms) = postSolution
		{ACBA6BF9-B2A6-4DDF-BC4C-D1E6DCF3B364}.Debug|Any CPU.ActiveCfg = Debug|Any CPU
		{ACBA6BF9-B2A6-4DDF-BC4C-D1E6DCF3B364}.Debug|Any CPU.Build.0 = Debug|Any CPU
		{ACBA6BF9-B2A6-4DDF-BC4C-D1E6DCF3B364}.Release|Any CPU.ActiveCfg = Release|Any CPU
		{ACBA6BF9-B2A6-4DDF-BC4C-D1E6DCF3B364}.Release|Any CPU.Build.0 = Release|Any CPU
		{6D757A02-5ABE-49E6-AC74-71825F96BDC9}.Debug|Any CPU.ActiveCfg = Debug|Any CPU
		{6D757A02-5ABE-49E6-AC74-71825F96BDC9}.Debug|Any CPU.Build.0 = Debug|Any CPU
		{6D757A02-5ABE-49E6-AC74-71825F96BDC9}.Release|Any CPU.ActiveCfg = Release|Any CPU
		{6D757A02-5ABE-49E6-AC74-71825F96BDC9}.Release|Any CPU.Build.0 = Release|Any CPU
		{896AC99C-3197-4B76-BE36-FBA2423045EC}.Debug|Any CPU.ActiveCfg = Debug|Any CPU
		{896AC99C-3197-4B76-BE36-FBA2423045EC}.Debug|Any CPU.Build.0 = Debug|Any CPU
		{896AC99C-3197-4B76-BE36-FBA2423045EC}.Release|Any CPU.ActiveCfg = Release|Any CPU
		{896AC99C-3197-4B76-BE36-FBA2423045EC}.Release|Any CPU.Build.0 = Release|Any CPU
		{B35D9776-DB9F-4518-82C4-AF1FC7B5963C}.Debug|Any CPU.ActiveCfg = Debug|Any CPU
		{B35D9776-DB9F-4518-82C4-AF1FC7B5963C}.Debug|Any CPU.Build.0 = Debug|Any CPU
		{B35D9776-DB9F-4518-82C4-AF1FC7B5963C}.Release|Any CPU.ActiveCfg = Release|Any CPU
		{B35D9776-DB9F-4518-82C4-AF1FC7B5963C}.Release|Any CPU.Build.0 = Release|Any CPU
	EndGlobalSection
	GlobalSection(SolutionProperties) = preSolution
		HideSolutionNode = FALSE
	EndGlobalSection
EndGlobal
